
Microsoft Visual Studio Solution File, Format Version 12.00
# Visual Studio Version 16
VisualStudioVersion = 16.0.31321.278
MinimumVisualStudioVersion = 10.0.40219.1
Project("{9A19103F-16F7-4668-BE54-9A1E7A4F7556}") = "TaxaJurosAPI", "src\API\TaxaJurosAPI\TaxaJurosAPI.csproj", "{05F0BF44-7E7E-4777-91F0-E8901AA3F616}"
EndProject
Project("{2150E333-8FDC-42A3-9474-1A3956D46DE8}") = "src", "src", "{1F6786D5-330E-44F4-9616-8A9D3966B145}"
EndProject
Project("{2150E333-8FDC-42A3-9474-1A3956D46DE8}") = "API", "API", "{404C850B-C835-40EA-AA3B-4C32836D5D5B}"
EndProject
Project("{2150E333-8FDC-42A3-9474-1A3956D46DE8}") = "Services", "Services", "{E2DBB6B2-E97B-4107-B50E-E5DA45A0C44D}"
EndProject
Project("{9A19103F-16F7-4668-BE54-9A1E7A4F7556}") = "SoftPlanService", "src\Services\SoftPlanService\SoftPlanService.csproj", "{02FB7972-728F-4597-9FA7-F62D7F21E0C8}"
EndProject
Project("{9A19103F-16F7-4668-BE54-9A1E7A4F7556}") = "CalculoJurosAPI", "src\API\CalculoJurosAPI\CalculoJurosAPI.csproj", "{DAE6ADF1-DAF7-44E8-832F-5ADE8D0C39D4}"
EndProject
Project("{2150E333-8FDC-42A3-9474-1A3956D46DE8}") = "test", "test", "{099A61A9-4237-4446-9B06-04DCA5C8CD3E}"
EndProject
Project("{FAE04EC0-301F-11D3-BF4B-00C04F79EFBC}") = "TaxaJurosAPI.UnitTests", "test\TaxaJurosAPI.IntegrationTest\TaxaJurosAPI.UnitTests.csproj", "{F18A27F2-FAB9-4CBA-882D-405FECC501EA}"
EndProject
Project("{FAE04EC0-301F-11D3-BF4B-00C04F79EFBC}") = "CalculoJurosAPI.UnitTests", "test\CalculoJurosAPI.IntegrationTest\CalculoJurosAPI.UnitTests.csproj", "{6C8D98B7-FC41-46E0-B9A8-76416143A947}"
EndProject
Global
	GlobalSection(SolutionConfigurationPlatforms) = preSolution
		Debug|Any CPU = Debug|Any CPU
		Release|Any CPU = Release|Any CPU
	EndGlobalSection
	GlobalSection(ProjectConfigurationPlatforms) = postSolution
		{05F0BF44-7E7E-4777-91F0-E8901AA3F616}.Debug|Any CPU.ActiveCfg = Debug|Any CPU
		{05F0BF44-7E7E-4777-91F0-E8901AA3F616}.Debug|Any CPU.Build.0 = Debug|Any CPU
		{05F0BF44-7E7E-4777-91F0-E8901AA3F616}.Release|Any CPU.ActiveCfg = Release|Any CPU
		{05F0BF44-7E7E-4777-91F0-E8901AA3F616}.Release|Any CPU.Build.0 = Release|Any CPU
		{02FB7972-728F-4597-9FA7-F62D7F21E0C8}.Debug|Any CPU.ActiveCfg = Debug|Any CPU
		{02FB7972-728F-4597-9FA7-F62D7F21E0C8}.Debug|Any CPU.Build.0 = Debug|Any CPU
		{02FB7972-728F-4597-9FA7-F62D7F21E0C8}.Release|Any CPU.ActiveCfg = Release|Any CPU
		{02FB7972-728F-4597-9FA7-F62D7F21E0C8}.Release|Any CPU.Build.0 = Release|Any CPU
		{DAE6ADF1-DAF7-44E8-832F-5ADE8D0C39D4}.Debug|Any CPU.ActiveCfg = Debug|Any CPU
		{DAE6ADF1-DAF7-44E8-832F-5ADE8D0C39D4}.Debug|Any CPU.Build.0 = Debug|Any CPU
		{DAE6ADF1-DAF7-44E8-832F-5ADE8D0C39D4}.Release|Any CPU.ActiveCfg = Release|Any CPU
		{DAE6ADF1-DAF7-44E8-832F-5ADE8D0C39D4}.Release|Any CPU.Build.0 = Release|Any CPU
		{F18A27F2-FAB9-4CBA-882D-405FECC501EA}.Debug|Any CPU.ActiveCfg = Debug|Any CPU
		{F18A27F2-FAB9-4CBA-882D-405FECC501EA}.Debug|Any CPU.Build.0 = Debug|Any CPU
		{F18A27F2-FAB9-4CBA-882D-405FECC501EA}.Release|Any CPU.ActiveCfg = Release|Any CPU
		{F18A27F2-FAB9-4CBA-882D-405FECC501EA}.Release|Any CPU.Build.0 = Release|Any CPU
		{6C8D98B7-FC41-46E0-B9A8-76416143A947}.Debug|Any CPU.ActiveCfg = Debug|Any CPU
		{6C8D98B7-FC41-46E0-B9A8-76416143A947}.Debug|Any CPU.Build.0 = Debug|Any CPU
		{6C8D98B7-FC41-46E0-B9A8-76416143A947}.Release|Any CPU.ActiveCfg = Release|Any CPU
		{6C8D98B7-FC41-46E0-B9A8-76416143A947}.Release|Any CPU.Build.0 = Release|Any CPU
	EndGlobalSection
	GlobalSection(SolutionProperties) = preSolution
		HideSolutionNode = FALSE
	EndGlobalSection
	GlobalSection(NestedProjects) = preSolution
		{05F0BF44-7E7E-4777-91F0-E8901AA3F616} = {404C850B-C835-40EA-AA3B-4C32836D5D5B}
		{404C850B-C835-40EA-AA3B-4C32836D5D5B} = {1F6786D5-330E-44F4-9616-8A9D3966B145}
		{E2DBB6B2-E97B-4107-B50E-E5DA45A0C44D} = {1F6786D5-330E-44F4-9616-8A9D3966B145}
		{02FB7972-728F-4597-9FA7-F62D7F21E0C8} = {E2DBB6B2-E97B-4107-B50E-E5DA45A0C44D}
		{DAE6ADF1-DAF7-44E8-832F-5ADE8D0C39D4} = {404C850B-C835-40EA-AA3B-4C32836D5D5B}
		{F18A27F2-FAB9-4CBA-882D-405FECC501EA} = {099A61A9-4237-4446-9B06-04DCA5C8CD3E}
		{6C8D98B7-FC41-46E0-B9A8-76416143A947} = {099A61A9-4237-4446-9B06-04DCA5C8CD3E}
	EndGlobalSection
	GlobalSection(ExtensibilityGlobals) = postSolution
		SolutionGuid = {A274D201-5D5E-4D3A-AE1B-A35D27FD4778}
	EndGlobalSection
EndGlobal
